// !$*UTF8*$!
{
	archiveVersion = 1;
	classes = {
	};
	objectVersion = 46;
	objects = {

/* Begin PBXBuildFile section */
		A62EE1671F60F24E00BC43DB /* main.m in Sources */ = {isa = PBXBuildFile; fileRef = A62EE1661F60F24E00BC43DB /* main.m */; };
		A62EE16F1F60F26C00BC43DB /* Person.m in Sources */ = {isa = PBXBuildFile; fileRef = A62EE16E1F60F26C00BC43DB /* Person.m */; };
/* End PBXBuildFile section */

/* Begin PBXCopyFilesBuildPhase section */
		A62EE1611F60F24E00BC43DB /* CopyFiles */ = {
			isa = PBXCopyFilesBuildPhase;
			buildActionMask = 2147483647;
			dstPath = /usr/share/man/man1/;
			dstSubfolderSpec = 0;
			files = (
			);
			runOnlyForDeploymentPostprocessing = 1;
		};
/* End PBXCopyFilesBuildPhase section */

/* Begin PBXFileReference section */
		A62EE1631F60F24E00BC43DB /* SinglePatternDemo */ = {isa = PBXFileReference; explicitFileType = "compiled.mach-o.executable"; includeInIndex = 0; path = SinglePatternDemo; sourceTree = BUILT_PRODUCTS_DIR; };
		A62EE1661F60F24E00BC43DB /* main.m */ = {isa = PBXFileReference; lastKnownFileType = sourcecode.c.objc; path = main.m; sourceTree = "<group>"; };
		A62EE16D1F60F26C00BC43DB /* Person.h */ = {isa = PBXFileReference; fileEncoding = 4; lastKnownFileType = sourcecode.c.h; path = Person.h; sourceTree = "<group>"; };
		A62EE16E1F60F26C00BC43DB /* Person.m */ = {isa = PBXFileReference; fileEncoding = 4; lastKnownFileType = sourcecode.c.objc; path = Person.m; sourceTree = "<group>"; };
/* End PBXFileReference section */

/* Begin PBXFrameworksBuildPhase section */
		A62EE1601F60F24E00BC43DB /* Frameworks */ = {
			isa = PBXFrameworksBuildPhase;
			buildActionMask = 2147483647;
			files = (
			);
			runOnlyForDeploymentPostprocessing = 0;
		};
/* End PBXFrameworksBuildPhase section */

/* Begin PBXGroup section */
		A62EE15A1F60F24D00BC43DB = {
			isa = PBXGroup;
			children = (
				A62EE1651F60F24E00BC43DB /* SinglePatternDemo */,
				A62EE1641F60F24E00BC43DB /* Products */,
			);
			sourceTree = "<group>";
		};
		A62EE1641F60F24E00BC43DB /* Products */ = {
			isa = PBXGroup;
			children = (
				A62EE1631F60F24E00BC43DB /* SinglePatternDemo */,
			);
			name = Products;
			sourceTree = "<group>";
		};
		A62EE1651F60F24E00BC43DB /* SinglePatternDemo */ = {
			isa = PBXGroup;
			children = (
				A62EE1661F60F24E00BC43DB /* main.m */,
				A62EE16D1F60F26C00BC43DB /* Person.h */,
				A62EE16E1F60F26C00BC43DB /* Person.m */,
			);
			path = SinglePatternDemo;
			sourceTree = "<group>";
		};
/* End PBXGroup section */

/* Begin PBXNativeTarget section */
		A62EE1621F60F24E00BC43DB /* SinglePatternDemo */ = {
			isa = PBXNativeTarget;
			buildConfigurationList = A62EE16A1F60F24E00BC43DB /* Build configuration list for PBXNativeTarget "SinglePatternDemo" */;
			buildPhases = (
				A62EE15F1F60F24E00BC43DB /* Sources */,
				A62EE1601F60F24E00BC43DB /* Frameworks */,
				A62EE1611F60F24E00BC43DB /* CopyFiles */,
			);
			buildRules = (
			);
			dependencies = (
			);
			name = SinglePatternDemo;
			productName = SinglePatternDemo;
			productReference = A62EE1631F60F24E00BC43DB /* SinglePatternDemo */;
			productType = "com.apple.product-type.tool";
		};
/* End PBXNativeTarget section */

/* Begin PBXProject section */
		A62EE15B1F60F24D00BC43DB /* Project object */ = {
			isa = PBXProject;
			attributes = {
				LastUpgradeCheck = 0830;
				ORGANIZATIONNAME = Sunhy;
				TargetAttributes = {
					A62EE1621F60F24E00BC43DB = {
						CreatedOnToolsVersion = 8.3.3;
						DevelopmentTeam = GVZ7SF9NBJ;
						ProvisioningStyle = Automatic;
					};
				};
			};
			buildConfigurationList = A62EE15E1F60F24D00BC43DB /* Build configuration list for PBXProject "SinglePatternDemo" */;
			compatibilityVersion = "Xcode 3.2";
			developmentRegion = English;
			hasScannedForEncodings = 0;
			knownRegions = (
				en,
			);
			mainGroup = A62EE15A1F60F24D00BC43DB;
			productRefGroup = A62EE1641F60F24E00BC43DB /* Products */;
			projectDirPath = "";
			projectRoot = "";
			targets = (
				A62EE1621F60F24E00BC43DB /* SinglePatternDemo */,
			);
		};
/* End PBXProject section */

/* Begin PBXSourcesBuildPhase section */
		A62EE15F1F60F24E00BC43DB /* Sources */ = {
			isa = PBXSourcesBuildPhase;
			buildActionMask = 2147483647;
			files = (
				A62EE16F1F60F26C00BC43DB /* Person.m in Sources */,
				A62EE1671F60F24E00BC43DB /* main.m in Sources */,
			);
			runOnlyForDeploymentPostprocessing = 0;
		};
/* End PBXSourcesBuildPhase section */

/* Begin XCBuildConfiguration section */
		A62EE1681F60F24E00BC43DB /* Debug */ = {
			isa = XCBuildConfiguration;
			buildSettings = {
				ALWAYS_SEARCH_USER_PATHS = NO;
				CLANG_ANALYZER_NONNULL = YES;
				CLANG_ANALYZER_NUMBER_OBJECT_CONVERSION = YES_AGGRESSIVE;
				CLANG_CXX_LANGUAGE_STANDARD = "gnu++0x";
				CLANG_CXX_LIBRARY = "libc++";
				CLANG_ENABLE_MODULES = YES;
				CLANG_ENABLE_OBJC_ARC = YES;
				CLANG_WARN_BOOL_CONVERSION = YES;
				CLANG_WARN_CONSTANT_CONVERSION = YES;
				CLANG_WARN_DIRECT_OBJC_ISA_USAGE = YES_ERROR;
				CLANG_WARN_DOCUMENTATION_COMMENTS = YES;
				CLANG_WARN_EMPTY_BODY = YES;
				CLANG_WARN_ENUM_CONVERSION = YES;
				CLANG_WARN_INFINITE_RECURSION = YES;
				CLANG_WARN_INT_CONVERSION = YES;
				CLANG_WARN_OBJC_ROOT_CLASS = YES_ERROR;
				CLANG_WARN_SUSPICIOUS_MOVE = YES;
				CLANG_WARN_UNREACHABLE_CODE = YES;
				CLANG_WARN__DUPLICATE_METHOD_MATCH = YES;
				CODE_SIGN_IDENTITY = "-";
				COPY_PHASE_STRIP = NO;
				DEBUG_INFORMATION_FORMAT = dwarf;
				ENABLE_STRICT_OBJC_MSGSEND = YES;
				ENABLE_TESTABILITY = YES;
				GCC_C_LANGUAGE_STANDARD = gnu99;
				GCC_DYNAMIC_NO_PIC = NO;
				GCC_NO_COMMON_BLOCKS = YES;
				GCC_OPTIMIZATION_LEVEL = 0;
				GCC_PREPROCESSOR_DEFINITIONS = (
					"DEBUG=1",
					"$(inherited)",
				);
				GCC_WARN_64_TO_32_BIT_CONVERSION = YES;
				GCC_WARN_ABOUT_RETURN_TYPE = YES_ERROR;
				GCC_WARN_UNDECLARED_SELECTOR = YES;
				GCC_WARN_UNINITIALIZED_AUTOS = YES_AGGRESSIVE;
				GCC_WARN_UNUSED_FUNCTION = YES;
				GCC_WARN_UNUSED_VARIABLE = YES;
				MACOSX_DEPLOYMENT_TARGET = 10.12;
				MTL_ENABLE_DEBUG_INFO = YES;
				ONLY_ACTIVE_ARCH = YES;
				SDKROOT = macosx;
			};
			name = Debug;
		};
		A62EE1691F60F24E00BC43DB /* Release */ = {
			isa = XCBuildConfiguration;
			buildSettings = {
				ALWAYS_SEARCH_USER_PATHS = NO;
				CLANG_ANALYZER_NONNULL = YES;
				CLANG_ANALYZER_NUMBER_OBJECT_CONVERSION = YES_AGGRESSIVE;
				CLANG_CXX_LANGUAGE_STANDARD = "gnu++0x";
				CLANG_CXX_LIBRARY = "libc++";
				CLANG_ENABLE_MODULES = YES;
				CLANG_ENABLE_OBJC_ARC = YES;
				CLANG_WARN_BOOL_CONVERSION = YES;
				CLANG_WARN_CONSTANT_CONVERSION = YES;
				CLANG_WARN_DIRECT_OBJC_ISA_USAGE = YES_ERROR;
				CLANG_WARN_DOCUMENTATION_COMMENTS = YES;
				CLANG_WARN_EMPTY_BODY = YES;
				CLANG_WARN_ENUM_CONVERSION = YES;
				CLANG_WARN_INFINITE_RECURSION = YES;
				CLANG_WARN_INT_CONVERSION = YES;
				CLANG_WARN_OBJC_ROOT_CLASS = YES_ERROR;
				CLANG_WARN_SUSPICIOUS_MOVE = YES;
				CLANG_WARN_UNREACHABLE_CODE = YES;
				CLANG_WARN__DUPLICATE_METHOD_MATCH = YES;
				CODE_SIGN_IDENTITY = "-";
				COPY_PHASE_STRIP = NO;
				DEBUG_INFORMATION_FORMAT = "dwarf-with-dsym";
				ENABLE_NS_ASSERTIONS = NO;
				ENABLE_STRICT_OBJC_MSGSEND = YES;
				GCC_C_LANGUAGE_STANDARD = gnu99;
				GCC_NO_COMMON_BLOCKS = YES;
				GCC_WARN_64_TO_32_BIT_CONVERSION = YES;
				GCC_WARN_ABOUT_RETURN_TYPE = YES_ERROR;
				GCC_WARN_UNDECLARED_SELECTOR = YES;
				GCC_WARN_UNINITIALIZED_AUTOS = YES_AGGRESSIVE;
				GCC_WARN_UNUSED_FUNCTION = YES;
				GCC_WARN_UNUSED_VARIABLE = YES;
				MACOSX_DEPLOYMENT_TARGET = 10.12;
				MTL_ENABLE_DEBUG_INFO = NO;
				SDKROOT = macosx;
			};
			name = Release;
		};
		A62EE16B1F60F24E00BC43DB /* Debug */ = {
			isa = XCBuildConfiguration;
			buildSettings = {
				DEVELOPMENT_TEAM = GVZ7SF9NBJ;
				PRODUCT_NAME = "$(TARGET_NAME)";
			};
			name = Debug;
		};
		A62EE16C1F60F24E00BC43DB /* Release */ = {
			isa = XCBuildConfiguration;
			buildSettings = {
				DEVELOPMENT_TEAM = GVZ7SF9NBJ;
				PRODUCT_NAME = "$(TARGET_NAME)";
			};
			name = Release;
		};
/* End XCBuildConfiguration section */

/* Begin XCConfigurationList section */
		A62EE15E1F60F24D00BC43DB /* Build configuration list for PBXProject "SinglePatternDemo" */ = {
			isa = XCConfigurationList;
			buildConfigurations = (
				A62EE1681F60F24E00BC43DB /* Debug */,
				A62EE1691F60F24E00BC43DB /* Release */,
			);
			defaultConfigurationIsVisible = 0;
			defaultConfigurationName = Release;
		};
		A62EE16A1F60F24E00BC43DB /* Build configuration list for PBXNativeTarget "SinglePatternDemo" */ = {
			isa = XCConfigurationList;
			buildConfigurations = (
				A62EE16B1F60F24E00BC43DB /* Debug */,
				A62EE16C1F60F24E00BC43DB /* Release */,
			);
			defaultConfigurationIsVisible = 0;
		};
/* End XCConfigurationList section */
	};
	rootObject = A62EE15B1F60F24D00BC43DB /* Project object */;
}
